
Microsoft Visual Studio Solution File, Format Version 12.00
# Visual Studio Version 16
VisualStudioVersion = 16.0.34031.81
MinimumVisualStudioVersion = 10.0.40219.1
Project("{FAE04EC0-301F-11D3-BF4B-00C04F79EFBC}") = "ExamWeb_NguyenPhiVuong", "ExamWeb_NguyenPhiVuong\ExamWeb_NguyenPhiVuong.csproj", "{4A296409-85F7-4125-AFCE-C05FF30BF321}"
EndProject
Global
	GlobalSection(SolutionConfigurationPlatforms) = preSolution
		Debug|Any CPU = Debug|Any CPU
		Release|Any CPU = Release|Any CPU
	EndGlobalSection
	GlobalSection(ProjectConfigurationPlatforms) = postSolution
		{4A296409-85F7-4125-AFCE-C05FF30BF321}.Debug|Any CPU.ActiveCfg = Debug|Any CPU
		{4A296409-85F7-4125-AFCE-C05FF30BF321}.Debug|Any CPU.Build.0 = Debug|Any CPU
		{4A296409-85F7-4125-AFCE-C05FF30BF321}.Release|Any CPU.ActiveCfg = Release|Any CPU
		{4A296409-85F7-4125-AFCE-C05FF30BF321}.Release|Any CPU.Build.0 = Release|Any CPU
	EndGlobalSection
	GlobalSection(SolutionProperties) = preSolution
		HideSolutionNode = FALSE
	EndGlobalSection
	GlobalSection(ExtensibilityGlobals) = postSolution
		SolutionGuid = {4CEFD90C-95A5-4483-8F66-469A92175E4F}
	EndGlobalSection
EndGlobal
